# This file is automatically @generated by Cargo.
# It is not intended for manual editing.
version = 4

[[package]]
name = "conduit-backend"
version = "0.1.0"

[[package]]
name = "conduit-backend-coreaudio"
version = "0.1.0"

[[package]]
name = "conduit-backend-pipewire"
version = "0.1.0"

[[package]]
name = "conduit-backend-wasapi"
version = "0.1.0"

[[package]]
name = "conduit-core"
version = "0.1.0"

[[package]]
name = "conduit-engine"
version = "0.1.0"

[[package]]
name = "conduit-gui"
version = "0.1.0"

[[package]]
name = "conduit-protocol"
version = "0.1.0"

[[package]]
name = "conduitctl"
version = "0.1.0"

[[package]]
name = "conduitd"
version = "0.1.0"
